
Microsoft Visual Studio Solution File, Format Version 12.00
# Visual Studio Version 16
VisualStudioVersion = 16.0.31624.102
MinimumVisualStudioVersion = 10.0.40219.1
Project("{FAE04EC0-301F-11D3-BF4B-00C04F79EFBC}") = "GrundlagenCsharp", "GrundlagenCsharp\GrundlagenCsharp.csproj", "{C2567034-E84B-4BA3-957C-BDB9884BEDD8}"
EndProject
Project("{FAE04EC0-301F-11D3-BF4B-00C04F79EFBC}") = "Arrays", "Arrays\Arrays.csproj", "{2510A930-1E40-4C06-87F9-D0E6715920D8}"
EndProject
Global
	GlobalSection(SolutionConfigurationPlatforms) = preSolution
		Debug|Any CPU = Debug|Any CPU
		Release|Any CPU = Release|Any CPU
	EndGlobalSection
	GlobalSection(ProjectConfigurationPlatforms) = postSolution
		{C2567034-E84B-4BA3-957C-BDB9884BEDD8}.Debug|Any CPU.ActiveCfg = Debug|Any CPU
		{C2567034-E84B-4BA3-957C-BDB9884BEDD8}.Debug|Any CPU.Build.0 = Debug|Any CPU
		{C2567034-E84B-4BA3-957C-BDB9884BEDD8}.Release|Any CPU.ActiveCfg = Release|Any CPU
		{C2567034-E84B-4BA3-957C-BDB9884BEDD8}.Release|Any CPU.Build.0 = Release|Any CPU
		{2510A930-1E40-4C06-87F9-D0E6715920D8}.Debug|Any CPU.ActiveCfg = Debug|Any CPU
		{2510A930-1E40-4C06-87F9-D0E6715920D8}.Debug|Any CPU.Build.0 = Debug|Any CPU
		{2510A930-1E40-4C06-87F9-D0E6715920D8}.Release|Any CPU.ActiveCfg = Release|Any CPU
		{2510A930-1E40-4C06-87F9-D0E6715920D8}.Release|Any CPU.Build.0 = Release|Any CPU
	EndGlobalSection
	GlobalSection(SolutionProperties) = preSolution
		HideSolutionNode = FALSE
	EndGlobalSection
	GlobalSection(ExtensibilityGlobals) = postSolution
		SolutionGuid = {39E38868-C383-4EDE-8D6F-B6F08C7C8870}
	EndGlobalSection
EndGlobal
